
Microsoft Visual Studio Solution File, Format Version 12.00
# Visual Studio Version 17
VisualStudioVersion = 17.9.34701.34
MinimumVisualStudioVersion = 10.0.40219.1
Project("{FAE04EC0-301F-11D3-BF4B-00C04F79EFBC}") = "helpingout", "helpingout\helpingout.csproj", "{2AF90BE1-D611-41FF-BF8F-26E03B13D525}"
EndProject
Global
	GlobalSection(SolutionConfigurationPlatforms) = preSolution
		Debug|Any CPU = Debug|Any CPU
		Release|Any CPU = Release|Any CPU
	EndGlobalSection
	GlobalSection(ProjectConfigurationPlatforms) = postSolution
		{2AF90BE1-D611-41FF-BF8F-26E03B13D525}.Debug|Any CPU.ActiveCfg = Debug|Any CPU
		{2AF90BE1-D611-41FF-BF8F-26E03B13D525}.Debug|Any CPU.Build.0 = Debug|Any CPU
		{2AF90BE1-D611-41FF-BF8F-26E03B13D525}.Release|Any CPU.ActiveCfg = Release|Any CPU
		{2AF90BE1-D611-41FF-BF8F-26E03B13D525}.Release|Any CPU.Build.0 = Release|Any CPU
	EndGlobalSection
	GlobalSection(SolutionProperties) = preSolution
		HideSolutionNode = FALSE
	EndGlobalSection
	GlobalSection(ExtensibilityGlobals) = postSolution
		SolutionGuid = {31CF4B55-64AD-446B-B628-75E921FC56F5}
	EndGlobalSection
EndGlobal
